// !$*UTF8*$!
{
	archiveVersion = 1;
	classes = {
	};
	objectVersion = 50;
	objects = {

/* Begin PBXBuildFile section */
		A867A499214F8F44001E22FF /* AppDelegate.swift in Sources */ = {isa = PBXBuildFile; fileRef = A867A498214F8F44001E22FF /* AppDelegate.swift */; };
		A867A49B214F8F44001E22FF /* ViewController.swift in Sources */ = {isa = PBXBuildFile; fileRef = A867A49A214F8F44001E22FF /* ViewController.swift */; };
		A867A49E214F8F44001E22FF /* Main.storyboard in Resources */ = {isa = PBXBuildFile; fileRef = A867A49C214F8F44001E22FF /* Main.storyboard */; };
		A867A4A1214F8F44001E22FF /* ConnectToEDRSimple.xcdatamodeld in Sources */ = {isa = PBXBuildFile; fileRef = A867A49F214F8F44001E22FF /* ConnectToEDRSimple.xcdatamodeld */; };
		A867A4A3214F8F61001E22FF /* Assets.xcassets in Resources */ = {isa = PBXBuildFile; fileRef = A867A4A2214F8F61001E22FF /* Assets.xcassets */; };
		A867A4A6214F8F61001E22FF /* LaunchScreen.storyboard in Resources */ = {isa = PBXBuildFile; fileRef = A867A4A4214F8F61001E22FF /* LaunchScreen.storyboard */; };
/* End PBXBuildFile section */

/* Begin PBXFileReference section */
		A867A495214F8F44001E22FF /* ConnectToEDRSimple.app */ = {isa = PBXFileReference; explicitFileType = wrapper.application; includeInIndex = 0; path = ConnectToEDRSimple.app; sourceTree = BUILT_PRODUCTS_DIR; };
		A867A498214F8F44001E22FF /* AppDelegate.swift */ = {isa = PBXFileReference; lastKnownFileType = sourcecode.swift; path = AppDelegate.swift; sourceTree = "<group>"; };
		A867A49A214F8F44001E22FF /* ViewController.swift */ = {isa = PBXFileReference; lastKnownFileType = sourcecode.swift; path = ViewController.swift; sourceTree = "<group>"; };
		A867A49D214F8F44001E22FF /* Base */ = {isa = PBXFileReference; lastKnownFileType = file.storyboard; name = Base; path = Base.lproj/Main.storyboard; sourceTree = "<group>"; };
		A867A4A0214F8F44001E22FF /* ConnectToEDRSimple.xcdatamodel */ = {isa = PBXFileReference; lastKnownFileType = wrapper.xcdatamodel; path = ConnectToEDRSimple.xcdatamodel; sourceTree = "<group>"; };
		A867A4A2214F8F61001E22FF /* Assets.xcassets */ = {isa = PBXFileReference; lastKnownFileType = folder.assetcatalog; path = Assets.xcassets; sourceTree = "<group>"; };
		A867A4A5214F8F61001E22FF /* Base */ = {isa = PBXFileReference; lastKnownFileType = file.storyboard; name = Base; path = Base.lproj/LaunchScreen.storyboard; sourceTree = "<group>"; };
		A867A4A7214F8F61001E22FF /* Info.plist */ = {isa = PBXFileReference; lastKnownFileType = text.plist.xml; path = Info.plist; sourceTree = "<group>"; };
/* End PBXFileReference section */

/* Begin PBXFrameworksBuildPhase section */
		A867A492214F8F44001E22FF /* Frameworks */ = {
			isa = PBXFrameworksBuildPhase;
			buildActionMask = 2147483647;
			files = (
			);
			runOnlyForDeploymentPostprocessing = 0;
		};
/* End PBXFrameworksBuildPhase section */

/* Begin PBXGroup section */
		A867A48C214F8F43001E22FF = {
			isa = PBXGroup;
			children = (
				A867A497214F8F44001E22FF /* ConnectToEDRSimple */,
				A867A496214F8F44001E22FF /* Products */,
			);
			sourceTree = "<group>";
		};
		A867A496214F8F44001E22FF /* Products */ = {
			isa = PBXGroup;
			children = (
				A867A495214F8F44001E22FF /* ConnectToEDRSimple.app */,
			);
			name = Products;
			sourceTree = "<group>";
		};
		A867A497214F8F44001E22FF /* ConnectToEDRSimple */ = {
			isa = PBXGroup;
			children = (
				A867A498214F8F44001E22FF /* AppDelegate.swift */,
				A867A49A214F8F44001E22FF /* ViewController.swift */,
				A867A49C214F8F44001E22FF /* Main.storyboard */,
				A867A4A2214F8F61001E22FF /* Assets.xcassets */,
				A867A4A4214F8F61001E22FF /* LaunchScreen.storyboard */,
				A867A4A7214F8F61001E22FF /* Info.plist */,
				A867A49F214F8F44001E22FF /* ConnectToEDRSimple.xcdatamodeld */,
			);
			path = ConnectToEDRSimple;
			sourceTree = "<group>";
		};
/* End PBXGroup section */

/* Begin PBXNativeTarget section */
		A867A494214F8F44001E22FF /* ConnectToEDRSimple */ = {
			isa = PBXNativeTarget;
			buildConfigurationList = A867A4AA214F8F61001E22FF /* Build configuration list for PBXNativeTarget "ConnectToEDRSimple" */;
			buildPhases = (
				A867A491214F8F44001E22FF /* Sources */,
				A867A492214F8F44001E22FF /* Frameworks */,
				A867A493214F8F44001E22FF /* Resources */,
			);
			buildRules = (
			);
			dependencies = (
			);
			name = ConnectToEDRSimple;
			productName = ConnectToEDRSimple;
			productReference = A867A495214F8F44001E22FF /* ConnectToEDRSimple.app */;
			productType = "com.apple.product-type.application";
		};
/* End PBXNativeTarget section */

/* Begin PBXProject section */
		A867A48D214F8F43001E22FF /* Project object */ = {
			isa = PBXProject;
			attributes = {
				LastSwiftUpdateCheck = 0940;
				LastUpgradeCheck = 0940;
				ORGANIZATIONNAME = "Baibuz Oleksandr";
				TargetAttributes = {
					A867A494214F8F44001E22FF = {
						CreatedOnToolsVersion = 9.4.1;
					};
				};
			};
			buildConfigurationList = A867A490214F8F44001E22FF /* Build configuration list for PBXProject "ConnectToEDRSimple" */;
			compatibilityVersion = "Xcode 9.3";
			developmentRegion = en;
			hasScannedForEncodings = 0;
			knownRegions = (
				en,
				Base,
			);
			mainGroup = A867A48C214F8F43001E22FF;
			productRefGroup = A867A496214F8F44001E22FF /* Products */;
			projectDirPath = "";
			projectRoot = "";
			targets = (
				A867A494214F8F44001E22FF /* ConnectToEDRSimple */,
			);
		};
/* End PBXProject section */

/* Begin PBXResourcesBuildPhase section */
		A867A493214F8F44001E22FF /* Resources */ = {
			isa = PBXResourcesBuildPhase;
			buildActionMask = 2147483647;
			files = (
				A867A4A6214F8F61001E22FF /* LaunchScreen.storyboard in Resources */,
				A867A4A3214F8F61001E22FF /* Assets.xcassets in Resources */,
				A867A49E214F8F44001E22FF /* Main.storyboard in Resources */,
			);
			runOnlyForDeploymentPostprocessing = 0;
		};
/* End PBXResourcesBuildPhase section */

/* Begin PBXSourcesBuildPhase section */
		A867A491214F8F44001E22FF /* Sources */ = {
			isa = PBXSourcesBuildPhase;
			buildActionMask = 2147483647;
			files = (
				A867A4A1214F8F44001E22FF /* ConnectToEDRSimple.xcdatamodeld in Sources */,
				A867A49B214F8F44001E22FF /* ViewController.swift in Sources */,
				A867A499214F8F44001E22FF /* AppDelegate.swift in Sources */,
			);
			runOnlyForDeploymentPostprocessing = 0;
		};
/* End PBXSourcesBuildPhase section */

/* Begin PBXVariantGroup section */
		A867A49C214F8F44001E22FF /* Main.storyboard */ = {
			isa = PBXVariantGroup;
			children = (
				A867A49D214F8F44001E22FF /* Base */,
			);
			name = Main.storyboard;
			sourceTree = "<group>";
		};
		A867A4A4214F8F61001E22FF /* LaunchScreen.storyboard */ = {
			isa = PBXVariantGroup;
			children = (
				A867A4A5214F8F61001E22FF /* Base */,
			);
			name = LaunchScreen.storyboard;
			sourceTree = "<group>";
		};
/* End PBXVariantGroup section */

/* Begin XCBuildConfiguration section */
		A867A4A8214F8F61001E22FF /* Debug */ = {
			isa = XCBuildConfiguration;
			buildSettings = {
				ALWAYS_SEARCH_USER_PATHS = NO;
				CLANG_ANALYZER_NONNULL = YES;
				CLANG_ANALYZER_NUMBER_OBJECT_CONVERSION = YES_AGGRESSIVE;
				CLANG_CXX_LANGUAGE_STANDARD = "gnu++14";
				CLANG_CXX_LIBRARY = "libc++";
				CLANG_ENABLE_MODULES = YES;
				CLANG_ENABLE_OBJC_ARC = YES;
				CLANG_ENABLE_OBJC_WEAK = YES;
				CLANG_WARN_BLOCK_CAPTURE_AUTORELEASING = YES;
				CLANG_WARN_BOOL_CONVERSION = YES;
				CLANG_WARN_COMMA = YES;
				CLANG_WARN_CONSTANT_CONVERSION = YES;
				CLANG_WARN_DEPRECATED_OBJC_IMPLEMENTATIONS = YES;
				CLANG_WARN_DIRECT_OBJC_ISA_USAGE = YES_ERROR;
				CLANG_WARN_DOCUMENTATION_COMMENTS = YES;
				CLANG_WARN_EMPTY_BODY = YES;
				CLANG_WARN_ENUM_CONVERSION = YES;
				CLANG_WARN_INFINITE_RECURSION = YES;
				CLANG_WARN_INT_CONVERSION = YES;
				CLANG_WARN_NON_LITERAL_NULL_CONVERSION = YES;
				CLANG_WARN_OBJC_IMPLICIT_RETAIN_SELF = YES;
				CLANG_WARN_OBJC_LITERAL_CONVERSION = YES;
				CLANG_WARN_OBJC_ROOT_CLASS = YES_ERROR;
				CLANG_WARN_RANGE_LOOP_ANALYSIS = YES;
				CLANG_WARN_STRICT_PROTOTYPES = YES;
				CLANG_WARN_SUSPICIOUS_MOVE = YES;
				CLANG_WARN_UNGUARDED_AVAILABILITY = YES_AGGRESSIVE;
				CLANG_WARN_UNREACHABLE_CODE = YES;
				CLANG_WARN__DUPLICATE_METHOD_MATCH = YES;
				CODE_SIGN_IDENTITY = "iPhone Developer";
				COPY_PHASE_STRIP = NO;
				DEBUG_INFORMATION_FORMAT = dwarf;
				ENABLE_STRICT_OBJC_MSGSEND = YES;
				ENABLE_TESTABILITY = YES;
				GCC_C_LANGUAGE_STANDARD = gnu11;
				GCC_DYNAMIC_NO_PIC = NO;
				GCC_NO_COMMON_BLOCKS = YES;
				GCC_OPTIMIZATION_LEVEL = 0;
				GCC_PREPROCESSOR_DEFINITIONS = (
					"DEBUG=1",
					"$(inherited)",
				);
				GCC_WARN_64_TO_32_BIT_CONVERSION = YES;
				GCC_WARN_ABOUT_RETURN_TYPE = YES_ERROR;
				GCC_WARN_UNDECLARED_SELECTOR = YES;
				GCC_WARN_UNINITIALIZED_AUTOS = YES_AGGRESSIVE;
				GCC_WARN_UNUSED_FUNCTION = YES;
				GCC_WARN_UNUSED_VARIABLE = YES;
				IPHONEOS_DEPLOYMENT_TARGET = 11.4;
				MTL_ENABLE_DEBUG_INFO = YES;
				ONLY_ACTIVE_ARCH = YES;
				SDKROOT = iphoneos;
				SWIFT_ACTIVE_COMPILATION_CONDITIONS = DEBUG;
				SWIFT_OPTIMIZATION_LEVEL = "-Onone";
			};
			name = Debug;
		};
		A867A4A9214F8F61001E22FF /* Release */ = {
			isa = XCBuildConfiguration;
			buildSettings = {
				ALWAYS_SEARCH_USER_PATHS = NO;
				CLANG_ANALYZER_NONNULL = YES;
				CLANG_ANALYZER_NUMBER_OBJECT_CONVERSION = YES_AGGRESSIVE;
				CLANG_CXX_LANGUAGE_STANDARD = "gnu++14";
				CLANG_CXX_LIBRARY = "libc++";
				CLANG_ENABLE_MODULES = YES;
				CLANG_ENABLE_OBJC_ARC = YES;
				CLANG_ENABLE_OBJC_WEAK = YES;
				CLANG_WARN_BLOCK_CAPTURE_AUTORELEASING = YES;
				CLANG_WARN_BOOL_CONVERSION = YES;
				CLANG_WARN_COMMA = YES;
				CLANG_WARN_CONSTANT_CONVERSION = YES;
				CLANG_WARN_DEPRECATED_OBJC_IMPLEMENTATIONS = YES;
				CLANG_WARN_DIRECT_OBJC_ISA_USAGE = YES_ERROR;
				CLANG_WARN_DOCUMENTATION_COMMENTS = YES;
				CLANG_WARN_EMPTY_BODY = YES;
				CLANG_WARN_ENUM_CONVERSION = YES;
				CLANG_WARN_INFINITE_RECURSION = YES;
				CLANG_WARN_INT_CONVERSION = YES;
				CLANG_WARN_NON_LITERAL_NULL_CONVERSION = YES;
				CLANG_WARN_OBJC_IMPLICIT_RETAIN_SELF = YES;
				CLANG_WARN_OBJC_LITERAL_CONVERSION = YES;
				CLANG_WARN_OBJC_ROOT_CLASS = YES_ERROR;
				CLANG_WARN_RANGE_LOOP_ANALYSIS = YES;
				CLANG_WARN_STRICT_PROTOTYPES = YES;
				CLANG_WARN_SUSPICIOUS_MOVE = YES;
				CLANG_WARN_UNGUARDED_AVAILABILITY = YES_AGGRESSIVE;
				CLANG_WARN_UNREACHABLE_CODE = YES;
				CLANG_WARN__DUPLICATE_METHOD_MATCH = YES;
				CODE_SIGN_IDENTITY = "iPhone Developer";
				COPY_PHASE_STRIP = NO;
				DEBUG_INFORMATION_FORMAT = "dwarf-with-dsym";
				ENABLE_NS_ASSERTIONS = NO;
				ENABLE_STRICT_OBJC_MSGSEND = YES;
				GCC_C_LANGUAGE_STANDARD = gnu11;
				GCC_NO_COMMON_BLOCKS = YES;
				GCC_WARN_64_TO_32_BIT_CONVERSION = YES;
				GCC_WARN_ABOUT_RETURN_TYPE = YES_ERROR;
				GCC_WARN_UNDECLARED_SELECTOR = YES;
				GCC_WARN_UNINITIALIZED_AUTOS = YES_AGGRESSIVE;
				GCC_WARN_UNUSED_FUNCTION = YES;
				GCC_WARN_UNUSED_VARIABLE = YES;
				IPHONEOS_DEPLOYMENT_TARGET = 11.4;
				MTL_ENABLE_DEBUG_INFO = NO;
				SDKROOT = iphoneos;
				SWIFT_COMPILATION_MODE = wholemodule;
				SWIFT_OPTIMIZATION_LEVEL = "-O";
				VALIDATE_PRODUCT = YES;
			};
			name = Release;
		};
		A867A4AB214F8F61001E22FF /* Debug */ = {
			isa = XCBuildConfiguration;
			buildSettings = {
				ASSETCATALOG_COMPILER_APPICON_NAME = AppIcon;
				CODE_SIGN_STYLE = Automatic;
				INFOPLIST_FILE = ConnectToEDRSimple/Info.plist;
				LD_RUNPATH_SEARCH_PATHS = (
					"$(inherited)",
					"@executable_path/Frameworks",
				);
				PRODUCT_BUNDLE_IDENTIFIER = "KIT-2005.ConnectToEDRSimple";
				PRODUCT_NAME = "$(TARGET_NAME)";
				SWIFT_VERSION = 4.0;
				TARGETED_DEVICE_FAMILY = "1,2";
			};
			name = Debug;
		};
		A867A4AC214F8F61001E22FF /* Release */ = {
			isa = XCBuildConfiguration;
			buildSettings = {
				ASSETCATALOG_COMPILER_APPICON_NAME = AppIcon;
				CODE_SIGN_STYLE = Automatic;
				INFOPLIST_FILE = ConnectToEDRSimple/Info.plist;
				LD_RUNPATH_SEARCH_PATHS = (
					"$(inherited)",
					"@executable_path/Frameworks",
				);
				PRODUCT_BUNDLE_IDENTIFIER = "KIT-2005.ConnectToEDRSimple";
				PRODUCT_NAME = "$(TARGET_NAME)";
				SWIFT_VERSION = 4.0;
				TARGETED_DEVICE_FAMILY = "1,2";
			};
			name = Release;
		};
/* End XCBuildConfiguration section */

/* Begin XCConfigurationList section */
		A867A490214F8F44001E22FF /* Build configuration list for PBXProject "ConnectToEDRSimple" */ = {
			isa = XCConfigurationList;
			buildConfigurations = (
				A867A4A8214F8F61001E22FF /* Debug */,
				A867A4A9214F8F61001E22FF /* Release */,
			);
			defaultConfigurationIsVisible = 0;
			defaultConfigurationName = Release;
		};
		A867A4AA214F8F61001E22FF /* Build configuration list for PBXNativeTarget "ConnectToEDRSimple" */ = {
			isa = XCConfigurationList;
			buildConfigurations = (
				A867A4AB214F8F61001E22FF /* Debug */,
				A867A4AC214F8F61001E22FF /* Release */,
			);
			defaultConfigurationIsVisible = 0;
			defaultConfigurationName = Release;
		};
/* End XCConfigurationList section */

/* Begin XCVersionGroup section */
		A867A49F214F8F44001E22FF /* ConnectToEDRSimple.xcdatamodeld */ = {
			isa = XCVersionGroup;
			children = (
				A867A4A0214F8F44001E22FF /* ConnectToEDRSimple.xcdatamodel */,
			);
			currentVersion = A867A4A0214F8F44001E22FF /* ConnectToEDRSimple.xcdatamodel */;
			path = ConnectToEDRSimple.xcdatamodeld;
			sourceTree = "<group>";
			versionGroupType = wrapper.xcdatamodel;
		};
/* End XCVersionGroup section */
	};
	rootObject = A867A48D214F8F43001E22FF /* Project object */;
}
